
Microsoft Visual Studio Solution File, Format Version 12.00
# Visual Studio Version 16
VisualStudioVersion = 16.0.30804.86
MinimumVisualStudioVersion = 10.0.40219.1
Project("{8BC9CEB8-8B4A-11D0-8D11-00A0C91BC942}") = "ipc", "ipc\ipc.vcxproj", "{7E6464C9-472D-4270-AF5C-C05FDD8CCE60}"
EndProject
Project("{2150E333-8FDC-42A3-9474-1A3956D46DE8}") = "examples", "examples", "{0FC06401-78FD-419F-86CA-5C101BA63A5A}"
EndProject
Project("{8BC9CEB8-8B4A-11D0-8D11-00A0C91BC942}") = "tests", "tests\tests.vcxproj", "{97C4CF53-6390-4464-A66A-16D55F5F8B02}"
	ProjectSection(ProjectDependencies) = postProject
		{7E6464C9-472D-4270-AF5C-C05FDD8CCE60} = {7E6464C9-472D-4270-AF5C-C05FDD8CCE60}
	EndProjectSection
EndProject
Global
	GlobalSection(SolutionConfigurationPlatforms) = preSolution
		Debug|x64 = Debug|x64
		Debug|x86 = Debug|x86
		Release|x64 = Release|x64
		Release|x86 = Release|x86
	EndGlobalSection
	GlobalSection(ProjectConfigurationPlatforms) = postSolution
		{7E6464C9-472D-4270-AF5C-C05FDD8CCE60}.Debug|x64.ActiveCfg = Debug|x64
		{7E6464C9-472D-4270-AF5C-C05FDD8CCE60}.Debug|x64.Build.0 = Debug|x64
		{7E6464C9-472D-4270-AF5C-C05FDD8CCE60}.Debug|x86.ActiveCfg = Debug|Win32
		{7E6464C9-472D-4270-AF5C-C05FDD8CCE60}.Debug|x86.Build.0 = Debug|Win32
		{7E6464C9-472D-4270-AF5C-C05FDD8CCE60}.Release|x64.ActiveCfg = Release|x64
		{7E6464C9-472D-4270-AF5C-C05FDD8CCE60}.Release|x64.Build.0 = Release|x64
		{7E6464C9-472D-4270-AF5C-C05FDD8CCE60}.Release|x86.ActiveCfg = Release|Win32
		{7E6464C9-472D-4270-AF5C-C05FDD8CCE60}.Release|x86.Build.0 = Release|Win32
		{97C4CF53-6390-4464-A66A-16D55F5F8B02}.Debug|x64.ActiveCfg = Debug|x64
		{97C4CF53-6390-4464-A66A-16D55F5F8B02}.Debug|x64.Build.0 = Debug|x64
		{97C4CF53-6390-4464-A66A-16D55F5F8B02}.Debug|x86.ActiveCfg = Debug|Win32
		{97C4CF53-6390-4464-A66A-16D55F5F8B02}.Debug|x86.Build.0 = Debug|Win32
		{97C4CF53-6390-4464-A66A-16D55F5F8B02}.Release|x64.ActiveCfg = Release|x64
		{97C4CF53-6390-4464-A66A-16D55F5F8B02}.Release|x64.Build.0 = Release|x64
		{97C4CF53-6390-4464-A66A-16D55F5F8B02}.Release|x86.ActiveCfg = Release|Win32
		{97C4CF53-6390-4464-A66A-16D55F5F8B02}.Release|x86.Build.0 = Release|Win32
	EndGlobalSection
	GlobalSection(SolutionProperties) = preSolution
		HideSolutionNode = FALSE
	EndGlobalSection
	GlobalSection(ExtensibilityGlobals) = postSolution
		SolutionGuid = {28D41D1F-0386-4C13-BCEF-B3E065413243}
	EndGlobalSection
EndGlobal
